
Microsoft Visual Studio Solution File, Format Version 12.00
# Visual Studio Version 16
VisualStudioVersion = 16.0.30114.105
MinimumVisualStudioVersion = 10.0.40219.1
Project("{FAE04EC0-301F-11D3-BF4B-00C04F79EFBC}") = "Onebrb.Server", "Onebrb\Server\Onebrb.Server.csproj", "{7F8645B2-DBF0-4D32-9112-0B0E09B45513}"
EndProject
Project("{FAE04EC0-301F-11D3-BF4B-00C04F79EFBC}") = "Onebrb.Client", "Onebrb\Client\Onebrb.Client.csproj", "{BB7A8D3F-3FE7-42BE-B9A2-03DF435578BF}"
EndProject
Project("{FAE04EC0-301F-11D3-BF4B-00C04F79EFBC}") = "Onebrb.Shared", "Onebrb\Shared\Onebrb.Shared.csproj", "{299B50FA-CBC2-4CDC-B80B-2BA4E499595C}"
EndProject
Global
	GlobalSection(SolutionConfigurationPlatforms) = preSolution
		Debug|Any CPU = Debug|Any CPU
		Release|Any CPU = Release|Any CPU
	EndGlobalSection
	GlobalSection(ProjectConfigurationPlatforms) = postSolution
		{7F8645B2-DBF0-4D32-9112-0B0E09B45513}.Debug|Any CPU.ActiveCfg = Debug|Any CPU
		{7F8645B2-DBF0-4D32-9112-0B0E09B45513}.Debug|Any CPU.Build.0 = Debug|Any CPU
		{7F8645B2-DBF0-4D32-9112-0B0E09B45513}.Release|Any CPU.ActiveCfg = Release|Any CPU
		{7F8645B2-DBF0-4D32-9112-0B0E09B45513}.Release|Any CPU.Build.0 = Release|Any CPU
		{BB7A8D3F-3FE7-42BE-B9A2-03DF435578BF}.Debug|Any CPU.ActiveCfg = Debug|Any CPU
		{BB7A8D3F-3FE7-42BE-B9A2-03DF435578BF}.Debug|Any CPU.Build.0 = Debug|Any CPU
		{BB7A8D3F-3FE7-42BE-B9A2-03DF435578BF}.Release|Any CPU.ActiveCfg = Release|Any CPU
		{BB7A8D3F-3FE7-42BE-B9A2-03DF435578BF}.Release|Any CPU.Build.0 = Release|Any CPU
		{299B50FA-CBC2-4CDC-B80B-2BA4E499595C}.Debug|Any CPU.ActiveCfg = Debug|Any CPU
		{299B50FA-CBC2-4CDC-B80B-2BA4E499595C}.Debug|Any CPU.Build.0 = Debug|Any CPU
		{299B50FA-CBC2-4CDC-B80B-2BA4E499595C}.Release|Any CPU.ActiveCfg = Release|Any CPU
		{299B50FA-CBC2-4CDC-B80B-2BA4E499595C}.Release|Any CPU.Build.0 = Release|Any CPU
	EndGlobalSection
	GlobalSection(SolutionProperties) = preSolution
		HideSolutionNode = FALSE
	EndGlobalSection
	GlobalSection(ExtensibilityGlobals) = postSolution
		SolutionGuid = {B3F6E064-D819-4938-B6CE-9546234A58E9}
	EndGlobalSection
EndGlobal
